
Microsoft Visual Studio Solution File, Format Version 12.00
# Visual Studio Version 17
VisualStudioVersion = 17.4.33103.184
MinimumVisualStudioVersion = 10.0.40219.1
Project("{FAE04EC0-301F-11D3-BF4B-00C04F79EFBC}") = "ejercicio3.12", "ejercicio3.12\ejercicio3.12.csproj", "{BE2741B9-B6A0-44CF-BE45-0F79CC93F020}"
EndProject
Global
	GlobalSection(SolutionConfigurationPlatforms) = preSolution
		Debug|Any CPU = Debug|Any CPU
		Release|Any CPU = Release|Any CPU
	EndGlobalSection
	GlobalSection(ProjectConfigurationPlatforms) = postSolution
		{BE2741B9-B6A0-44CF-BE45-0F79CC93F020}.Debug|Any CPU.ActiveCfg = Debug|Any CPU
		{BE2741B9-B6A0-44CF-BE45-0F79CC93F020}.Debug|Any CPU.Build.0 = Debug|Any CPU
		{BE2741B9-B6A0-44CF-BE45-0F79CC93F020}.Release|Any CPU.ActiveCfg = Release|Any CPU
		{BE2741B9-B6A0-44CF-BE45-0F79CC93F020}.Release|Any CPU.Build.0 = Release|Any CPU
	EndGlobalSection
	GlobalSection(SolutionProperties) = preSolution
		HideSolutionNode = FALSE
	EndGlobalSection
	GlobalSection(ExtensibilityGlobals) = postSolution
		SolutionGuid = {19B14AA0-9FEA-408E-ABC2-68C8F534FF9A}
	EndGlobalSection
EndGlobal
